// !$*UTF8*$!
{
	archiveVersion = 1;
	classes = {
	};
	objectVersion = 46;
	objects = {

/* Begin PBXBuildFile section */
		2092BD20962E25FF85AFDAD4 /* Pods_InstagramDemoTests.framework in Frameworks */ = {isa = PBXBuildFile; fileRef = A8D3F04FD75C5EDFA648C0F7 /* Pods_InstagramDemoTests.framework */; };
		833B8F611E808D9B0080EDB3 /* GalleryViewController.swift in Sources */ = {isa = PBXBuildFile; fileRef = 833B8F601E808D9B0080EDB3 /* GalleryViewController.swift */; };
		833B8F641E80921C0080EDB3 /* User.swift in Sources */ = {isa = PBXBuildFile; fileRef = 833B8F631E80921C0080EDB3 /* User.swift */; };
		833B8F671E8093CD0080EDB3 /* Post.swift in Sources */ = {isa = PBXBuildFile; fileRef = 833B8F661E8093CD0080EDB3 /* Post.swift */; };
		833B8F691E8093DF0080EDB3 /* ComposeViewController.swift in Sources */ = {isa = PBXBuildFile; fileRef = 833B8F681E8093DF0080EDB3 /* ComposeViewController.swift */; };
		838162521E80A4F400173086 /* PhotoCell.swift in Sources */ = {isa = PBXBuildFile; fileRef = 838162511E80A4F400173086 /* PhotoCell.swift */; };
		83B1EB681E7F7F5300313AA8 /* LoginViewController.swift in Sources */ = {isa = PBXBuildFile; fileRef = 83B1EB671E7F7F5300313AA8 /* LoginViewController.swift */; };
		83F264AD1E7F7C0F00A827B3 /* AppDelegate.swift in Sources */ = {isa = PBXBuildFile; fileRef = 83F264AC1E7F7C0F00A827B3 /* AppDelegate.swift */; };
		83F264B21E7F7C0F00A827B3 /* Main.storyboard in Resources */ = {isa = PBXBuildFile; fileRef = 83F264B01E7F7C0F00A827B3 /* Main.storyboard */; };
		83F264B41E7F7C0F00A827B3 /* Assets.xcassets in Resources */ = {isa = PBXBuildFile; fileRef = 83F264B31E7F7C0F00A827B3 /* Assets.xcassets */; };
		83F264B71E7F7C0F00A827B3 /* LaunchScreen.storyboard in Resources */ = {isa = PBXBuildFile; fileRef = 83F264B51E7F7C0F00A827B3 /* LaunchScreen.storyboard */; };
		83F264C21E7F7C0F00A827B3 /* InstagramDemoTests.swift in Sources */ = {isa = PBXBuildFile; fileRef = 83F264C11E7F7C0F00A827B3 /* InstagramDemoTests.swift */; };
		83F264CD1E7F7C0F00A827B3 /* InstagramDemoUITests.swift in Sources */ = {isa = PBXBuildFile; fileRef = 83F264CC1E7F7C0F00A827B3 /* InstagramDemoUITests.swift */; };
		A6737FBA0C98B2FB52DF2626 /* Pods_InstagramDemo.framework in Frameworks */ = {isa = PBXBuildFile; fileRef = 0B2017002995E4F7E4F94C78 /* Pods_InstagramDemo.framework */; };
		DC3C3C5E1DB201A014F6379B /* Pods_InstagramDemoUITests.framework in Frameworks */ = {isa = PBXBuildFile; fileRef = D8C7A8109ACD36A086642C78 /* Pods_InstagramDemoUITests.framework */; };
/* End PBXBuildFile section */

/* Begin PBXContainerItemProxy section */
		83F264BE1E7F7C0F00A827B3 /* PBXContainerItemProxy */ = {
			isa = PBXContainerItemProxy;
			containerPortal = 83F264A11E7F7C0F00A827B3 /* Project object */;
			proxyType = 1;
			remoteGlobalIDString = 83F264A81E7F7C0F00A827B3;
			remoteInfo = InstagramDemo;
		};
		83F264C91E7F7C0F00A827B3 /* PBXContainerItemProxy */ = {
			isa = PBXContainerItemProxy;
			containerPortal = 83F264A11E7F7C0F00A827B3 /* Project object */;
			proxyType = 1;
			remoteGlobalIDString = 83F264A81E7F7C0F00A827B3;
			remoteInfo = InstagramDemo;
		};
/* End PBXContainerItemProxy section */

/* Begin PBXFileReference section */
		0B2017002995E4F7E4F94C78 /* Pods_InstagramDemo.framework */ = {isa = PBXFileReference; explicitFileType = wrapper.framework; includeInIndex = 0; path = Pods_InstagramDemo.framework; sourceTree = BUILT_PRODUCTS_DIR; };
		271DB3853795248929D37109 /* Pods-InstagramDemo.debug.xcconfig */ = {isa = PBXFileReference; includeInIndex = 1; lastKnownFileType = text.xcconfig; name = "Pods-InstagramDemo.debug.xcconfig"; path = "Pods/Target Support Files/Pods-InstagramDemo/Pods-InstagramDemo.debug.xcconfig"; sourceTree = "<group>"; };
		604969978843438B8D0BFDB1 /* Pods-InstagramDemoUITests.release.xcconfig */ = {isa = PBXFileReference; includeInIndex = 1; lastKnownFileType = text.xcconfig; name = "Pods-InstagramDemoUITests.release.xcconfig"; path = "Pods/Target Support Files/Pods-InstagramDemoUITests/Pods-InstagramDemoUITests.release.xcconfig"; sourceTree = "<group>"; };
		61725616803664F99F9F34CC /* Pods-InstagramDemoUITests.debug.xcconfig */ = {isa = PBXFileReference; includeInIndex = 1; lastKnownFileType = text.xcconfig; name = "Pods-InstagramDemoUITests.debug.xcconfig"; path = "Pods/Target Support Files/Pods-InstagramDemoUITests/Pods-InstagramDemoUITests.debug.xcconfig"; sourceTree = "<group>"; };
		7B9AD05E2D60A27C49BD99CF /* Pods-InstagramDemo.release.xcconfig */ = {isa = PBXFileReference; includeInIndex = 1; lastKnownFileType = text.xcconfig; name = "Pods-InstagramDemo.release.xcconfig"; path = "Pods/Target Support Files/Pods-InstagramDemo/Pods-InstagramDemo.release.xcconfig"; sourceTree = "<group>"; };
		833B8F601E808D9B0080EDB3 /* GalleryViewController.swift */ = {isa = PBXFileReference; fileEncoding = 4; lastKnownFileType = sourcecode.swift; path = GalleryViewController.swift; sourceTree = "<group>"; };
		833B8F631E80921C0080EDB3 /* User.swift */ = {isa = PBXFileReference; fileEncoding = 4; lastKnownFileType = sourcecode.swift; path = User.swift; sourceTree = "<group>"; };
		833B8F661E8093CD0080EDB3 /* Post.swift */ = {isa = PBXFileReference; fileEncoding = 4; lastKnownFileType = sourcecode.swift; path = Post.swift; sourceTree = "<group>"; };
		833B8F681E8093DF0080EDB3 /* ComposeViewController.swift */ = {isa = PBXFileReference; fileEncoding = 4; lastKnownFileType = sourcecode.swift; path = ComposeViewController.swift; sourceTree = "<group>"; };
		838162511E80A4F400173086 /* PhotoCell.swift */ = {isa = PBXFileReference; fileEncoding = 4; lastKnownFileType = sourcecode.swift; path = PhotoCell.swift; sourceTree = "<group>"; };
		83B1EB671E7F7F5300313AA8 /* LoginViewController.swift */ = {isa = PBXFileReference; fileEncoding = 4; lastKnownFileType = sourcecode.swift; path = LoginViewController.swift; sourceTree = "<group>"; };
		83F264A91E7F7C0F00A827B3 /* InstagramDemo.app */ = {isa = PBXFileReference; explicitFileType = wrapper.application; includeInIndex = 0; path = InstagramDemo.app; sourceTree = BUILT_PRODUCTS_DIR; };
		83F264AC1E7F7C0F00A827B3 /* AppDelegate.swift */ = {isa = PBXFileReference; lastKnownFileType = sourcecode.swift; path = AppDelegate.swift; sourceTree = "<group>"; };
		83F264B11E7F7C0F00A827B3 /* Base */ = {isa = PBXFileReference; lastKnownFileType = file.storyboard; name = Base; path = Base.lproj/Main.storyboard; sourceTree = "<group>"; };
		83F264B31E7F7C0F00A827B3 /* Assets.xcassets */ = {isa = PBXFileReference; lastKnownFileType = folder.assetcatalog; path = Assets.xcassets; sourceTree = "<group>"; };
		83F264B61E7F7C0F00A827B3 /* Base */ = {isa = PBXFileReference; lastKnownFileType = file.storyboard; name = Base; path = Base.lproj/LaunchScreen.storyboard; sourceTree = "<group>"; };
		83F264B81E7F7C0F00A827B3 /* Info.plist */ = {isa = PBXFileReference; lastKnownFileType = text.plist.xml; path = Info.plist; sourceTree = "<group>"; };
		83F264BD1E7F7C0F00A827B3 /* InstagramDemoTests.xctest */ = {isa = PBXFileReference; explicitFileType = wrapper.cfbundle; includeInIndex = 0; path = InstagramDemoTests.xctest; sourceTree = BUILT_PRODUCTS_DIR; };
		83F264C11E7F7C0F00A827B3 /* InstagramDemoTests.swift */ = {isa = PBXFileReference; lastKnownFileType = sourcecode.swift; path = InstagramDemoTests.swift; sourceTree = "<group>"; };
		83F264C31E7F7C0F00A827B3 /* Info.plist */ = {isa = PBXFileReference; lastKnownFileType = text.plist.xml; path = Info.plist; sourceTree = "<group>"; };
		83F264C81E7F7C0F00A827B3 /* InstagramDemoUITests.xctest */ = {isa = PBXFileReference; explicitFileType = wrapper.cfbundle; includeInIndex = 0; path = InstagramDemoUITests.xctest; sourceTree = BUILT_PRODUCTS_DIR; };
		83F264CC1E7F7C0F00A827B3 /* InstagramDemoUITests.swift */ = {isa = PBXFileReference; lastKnownFileType = sourcecode.swift; path = InstagramDemoUITests.swift; sourceTree = "<group>"; };
		83F264CE1E7F7C0F00A827B3 /* Info.plist */ = {isa = PBXFileReference; lastKnownFileType = text.plist.xml; path = Info.plist; sourceTree = "<group>"; };
		A8D3F04FD75C5EDFA648C0F7 /* Pods_InstagramDemoTests.framework */ = {isa = PBXFileReference; explicitFileType = wrapper.framework; includeInIndex = 0; path = Pods_InstagramDemoTests.framework; sourceTree = BUILT_PRODUCTS_DIR; };
		BCCE11006359D2D80870D6D4 /* Pods-InstagramDemoTests.release.xcconfig */ = {isa = PBXFileReference; includeInIndex = 1; lastKnownFileType = text.xcconfig; name = "Pods-InstagramDemoTests.release.xcconfig"; path = "Pods/Target Support Files/Pods-InstagramDemoTests/Pods-InstagramDemoTests.release.xcconfig"; sourceTree = "<group>"; };
		D709ABFF45E6EF521EF9404E /* Pods-InstagramDemoTests.debug.xcconfig */ = {isa = PBXFileReference; includeInIndex = 1; lastKnownFileType = text.xcconfig; name = "Pods-InstagramDemoTests.debug.xcconfig"; path = "Pods/Target Support Files/Pods-InstagramDemoTests/Pods-InstagramDemoTests.debug.xcconfig"; sourceTree = "<group>"; };
		D8C7A8109ACD36A086642C78 /* Pods_InstagramDemoUITests.framework */ = {isa = PBXFileReference; explicitFileType = wrapper.framework; includeInIndex = 0; path = Pods_InstagramDemoUITests.framework; sourceTree = BUILT_PRODUCTS_DIR; };
/* End PBXFileReference section */

/* Begin PBXFrameworksBuildPhase section */
		83F264A61E7F7C0F00A827B3 /* Frameworks */ = {
			isa = PBXFrameworksBuildPhase;
			buildActionMask = 2147483647;
			files = (
				A6737FBA0C98B2FB52DF2626 /* Pods_InstagramDemo.framework in Frameworks */,
			);
			runOnlyForDeploymentPostprocessing = 0;
		};
		83F264BA1E7F7C0F00A827B3 /* Frameworks */ = {
			isa = PBXFrameworksBuildPhase;
			buildActionMask = 2147483647;
			files = (
				2092BD20962E25FF85AFDAD4 /* Pods_InstagramDemoTests.framework in Frameworks */,
			);
			runOnlyForDeploymentPostprocessing = 0;
		};
		83F264C51E7F7C0F00A827B3 /* Frameworks */ = {
			isa = PBXFrameworksBuildPhase;
			buildActionMask = 2147483647;
			files = (
				DC3C3C5E1DB201A014F6379B /* Pods_InstagramDemoUITests.framework in Frameworks */,
			);
			runOnlyForDeploymentPostprocessing = 0;
		};
/* End PBXFrameworksBuildPhase section */

/* Begin PBXGroup section */
		833B8F621E808FC90080EDB3 /* Controllers */ = {
			isa = PBXGroup;
			children = (
				83B1EB671E7F7F5300313AA8 /* LoginViewController.swift */,
				833B8F601E808D9B0080EDB3 /* GalleryViewController.swift */,
				833B8F681E8093DF0080EDB3 /* ComposeViewController.swift */,
				838162511E80A4F400173086 /* PhotoCell.swift */,
			);
			name = Controllers;
			sourceTree = "<group>";
		};
		833B8F651E8092260080EDB3 /* Model */ = {
			isa = PBXGroup;
			children = (
				833B8F631E80921C0080EDB3 /* User.swift */,
				833B8F661E8093CD0080EDB3 /* Post.swift */,
			);
			name = Model;
			sourceTree = "<group>";
		};
		83F264A01E7F7C0F00A827B3 = {
			isa = PBXGroup;
			children = (
				83F264AB1E7F7C0F00A827B3 /* InstagramDemo */,
				83F264C01E7F7C0F00A827B3 /* InstagramDemoTests */,
				83F264CB1E7F7C0F00A827B3 /* InstagramDemoUITests */,
				83F264AA1E7F7C0F00A827B3 /* Products */,
				F102AD3557B2A0A83CD5B94B /* Pods */,
				C9FF700D2411D891E1C1F7A3 /* Frameworks */,
			);
			sourceTree = "<group>";
		};
		83F264AA1E7F7C0F00A827B3 /* Products */ = {
			isa = PBXGroup;
			children = (
				83F264A91E7F7C0F00A827B3 /* InstagramDemo.app */,
				83F264BD1E7F7C0F00A827B3 /* InstagramDemoTests.xctest */,
				83F264C81E7F7C0F00A827B3 /* InstagramDemoUITests.xctest */,
			);
			name = Products;
			sourceTree = "<group>";
		};
		83F264AB1E7F7C0F00A827B3 /* InstagramDemo */ = {
			isa = PBXGroup;
			children = (
				833B8F651E8092260080EDB3 /* Model */,
				833B8F621E808FC90080EDB3 /* Controllers */,
				83F264AC1E7F7C0F00A827B3 /* AppDelegate.swift */,
				83F264B01E7F7C0F00A827B3 /* Main.storyboard */,
				83F264B31E7F7C0F00A827B3 /* Assets.xcassets */,
				83F264B51E7F7C0F00A827B3 /* LaunchScreen.storyboard */,
				83F264B81E7F7C0F00A827B3 /* Info.plist */,
			);
			path = InstagramDemo;
			sourceTree = "<group>";
		};
		83F264C01E7F7C0F00A827B3 /* InstagramDemoTests */ = {
			isa = PBXGroup;
			children = (
				83F264C11E7F7C0F00A827B3 /* InstagramDemoTests.swift */,
				83F264C31E7F7C0F00A827B3 /* Info.plist */,
			);
			path = InstagramDemoTests;
			sourceTree = "<group>";
		};
		83F264CB1E7F7C0F00A827B3 /* InstagramDemoUITests */ = {
			isa = PBXGroup;
			children = (
				83F264CC1E7F7C0F00A827B3 /* InstagramDemoUITests.swift */,
				83F264CE1E7F7C0F00A827B3 /* Info.plist */,
			);
			path = InstagramDemoUITests;
			sourceTree = "<group>";
		};
		C9FF700D2411D891E1C1F7A3 /* Frameworks */ = {
			isa = PBXGroup;
			children = (
				0B2017002995E4F7E4F94C78 /* Pods_InstagramDemo.framework */,
				A8D3F04FD75C5EDFA648C0F7 /* Pods_InstagramDemoTests.framework */,
				D8C7A8109ACD36A086642C78 /* Pods_InstagramDemoUITests.framework */,
			);
			name = Frameworks;
			sourceTree = "<group>";
		};
		F102AD3557B2A0A83CD5B94B /* Pods */ = {
			isa = PBXGroup;
			children = (
				271DB3853795248929D37109 /* Pods-InstagramDemo.debug.xcconfig */,
				7B9AD05E2D60A27C49BD99CF /* Pods-InstagramDemo.release.xcconfig */,
				D709ABFF45E6EF521EF9404E /* Pods-InstagramDemoTests.debug.xcconfig */,
				BCCE11006359D2D80870D6D4 /* Pods-InstagramDemoTests.release.xcconfig */,
				61725616803664F99F9F34CC /* Pods-InstagramDemoUITests.debug.xcconfig */,
				604969978843438B8D0BFDB1 /* Pods-InstagramDemoUITests.release.xcconfig */,
			);
			name = Pods;
			sourceTree = "<group>";
		};
/* End PBXGroup section */

/* Begin PBXNativeTarget section */
		83F264A81E7F7C0F00A827B3 /* InstagramDemo */ = {
			isa = PBXNativeTarget;
			buildConfigurationList = 83F264D11E7F7C0F00A827B3 /* Build configuration list for PBXNativeTarget "InstagramDemo" */;
			buildPhases = (
				703E5EDBD40005E77AD44A86 /* [CP] Check Pods Manifest.lock */,
				83F264A51E7F7C0F00A827B3 /* Sources */,
				83F264A61E7F7C0F00A827B3 /* Frameworks */,
				83F264A71E7F7C0F00A827B3 /* Resources */,
				82BC99F23B57E1711A1138A5 /* [CP] Embed Pods Frameworks */,
				B587DCA4B0D847647FABCA9A /* [CP] Copy Pods Resources */,
			);
			buildRules = (
			);
			dependencies = (
			);
			name = InstagramDemo;
			productName = InstagramDemo;
			productReference = 83F264A91E7F7C0F00A827B3 /* InstagramDemo.app */;
			productType = "com.apple.product-type.application";
		};
		83F264BC1E7F7C0F00A827B3 /* InstagramDemoTests */ = {
			isa = PBXNativeTarget;
			buildConfigurationList = 83F264D41E7F7C0F00A827B3 /* Build configuration list for PBXNativeTarget "InstagramDemoTests" */;
			buildPhases = (
				D6EF231E81EB689D306F548C /* [CP] Check Pods Manifest.lock */,
				83F264B91E7F7C0F00A827B3 /* Sources */,
				83F264BA1E7F7C0F00A827B3 /* Frameworks */,
				83F264BB1E7F7C0F00A827B3 /* Resources */,
				B7ACF03E56E466139584D102 /* [CP] Embed Pods Frameworks */,
				26B6EEF9BB0FF727878036B6 /* [CP] Copy Pods Resources */,
			);
			buildRules = (
			);
			dependencies = (
				83F264BF1E7F7C0F00A827B3 /* PBXTargetDependency */,
			);
			name = InstagramDemoTests;
			productName = InstagramDemoTests;
			productReference = 83F264BD1E7F7C0F00A827B3 /* InstagramDemoTests.xctest */;
			productType = "com.apple.product-type.bundle.unit-test";
		};
		83F264C71E7F7C0F00A827B3 /* InstagramDemoUITests */ = {
			isa = PBXNativeTarget;
			buildConfigurationList = 83F264D71E7F7C0F00A827B3 /* Build configuration list for PBXNativeTarget "InstagramDemoUITests" */;
			buildPhases = (
				55C6EDE5D03241B3D2A467E0 /* [CP] Check Pods Manifest.lock */,
				83F264C41E7F7C0F00A827B3 /* Sources */,
				83F264C51E7F7C0F00A827B3 /* Frameworks */,
				83F264C61E7F7C0F00A827B3 /* Resources */,
				CD12CAA67215F99659A48ED9 /* [CP] Embed Pods Frameworks */,
				C6BBEEF3618EBB91A32FF47A /* [CP] Copy Pods Resources */,
			);
			buildRules = (
			);
			dependencies = (
				83F264CA1E7F7C0F00A827B3 /* PBXTargetDependency */,
			);
			name = InstagramDemoUITests;
			productName = InstagramDemoUITests;
			productReference = 83F264C81E7F7C0F00A827B3 /* InstagramDemoUITests.xctest */;
			productType = "com.apple.product-type.bundle.ui-testing";
		};
/* End PBXNativeTarget section */

/* Begin PBXProject section */
		83F264A11E7F7C0F00A827B3 /* Project object */ = {
			isa = PBXProject;
			attributes = {
				LastSwiftUpdateCheck = 0800;
				LastUpgradeCheck = 0800;
				ORGANIZATIONNAME = Bconsatnt;
				TargetAttributes = {
					83F264A81E7F7C0F00A827B3 = {
						CreatedOnToolsVersion = 8.0;
						ProvisioningStyle = Automatic;
					};
					83F264BC1E7F7C0F00A827B3 = {
						CreatedOnToolsVersion = 8.0;
						ProvisioningStyle = Automatic;
						TestTargetID = 83F264A81E7F7C0F00A827B3;
					};
					83F264C71E7F7C0F00A827B3 = {
						CreatedOnToolsVersion = 8.0;
						ProvisioningStyle = Automatic;
						TestTargetID = 83F264A81E7F7C0F00A827B3;
					};
				};
			};
			buildConfigurationList = 83F264A41E7F7C0F00A827B3 /* Build configuration list for PBXProject "InstagramDemo" */;
			compatibilityVersion = "Xcode 3.2";
			developmentRegion = English;
			hasScannedForEncodings = 0;
			knownRegions = (
				en,
				Base,
			);
			mainGroup = 83F264A01E7F7C0F00A827B3;
			productRefGroup = 83F264AA1E7F7C0F00A827B3 /* Products */;
			projectDirPath = "";
			projectRoot = "";
			targets = (
				83F264A81E7F7C0F00A827B3 /* InstagramDemo */,
				83F264BC1E7F7C0F00A827B3 /* InstagramDemoTests */,
				83F264C71E7F7C0F00A827B3 /* InstagramDemoUITests */,
			);
		};
/* End PBXProject section */

/* Begin PBXResourcesBuildPhase section */
		83F264A71E7F7C0F00A827B3 /* Resources */ = {
			isa = PBXResourcesBuildPhase;
			buildActionMask = 2147483647;
			files = (
				83F264B71E7F7C0F00A827B3 /* LaunchScreen.storyboard in Resources */,
				83F264B41E7F7C0F00A827B3 /* Assets.xcassets in Resources */,
				83F264B21E7F7C0F00A827B3 /* Main.storyboard in Resources */,
			);
			runOnlyForDeploymentPostprocessing = 0;
		};
		83F264BB1E7F7C0F00A827B3 /* Resources */ = {
			isa = PBXResourcesBuildPhase;
			buildActionMask = 2147483647;
			files = (
			);
			runOnlyForDeploymentPostprocessing = 0;
		};
		83F264C61E7F7C0F00A827B3 /* Resources */ = {
			isa = PBXResourcesBuildPhase;
			buildActionMask = 2147483647;
			files = (
			);
			runOnlyForDeploymentPostprocessing = 0;
		};
/* End PBXResourcesBuildPhase section */

/* Begin PBXShellScriptBuildPhase section */
		26B6EEF9BB0FF727878036B6 /* [CP] Copy Pods Resources */ = {
			isa = PBXShellScriptBuildPhase;
			buildActionMask = 2147483647;
			files = (
			);
			inputPaths = (
			);
			name = "[CP] Copy Pods Resources";
			outputPaths = (
			);
			runOnlyForDeploymentPostprocessing = 0;
			shellPath = /bin/sh;
			shellScript = "\"${SRCROOT}/Pods/Target Support Files/Pods-InstagramDemoTests/Pods-InstagramDemoTests-resources.sh\"\n";
			showEnvVarsInLog = 0;
		};
		55C6EDE5D03241B3D2A467E0 /* [CP] Check Pods Manifest.lock */ = {
			isa = PBXShellScriptBuildPhase;
			buildActionMask = 2147483647;
			files = (
			);
			inputPaths = (
			);
			name = "[CP] Check Pods Manifest.lock";
			outputPaths = (
			);
			runOnlyForDeploymentPostprocessing = 0;
			shellPath = /bin/sh;
			shellScript = "diff \"${PODS_ROOT}/../Podfile.lock\" \"${PODS_ROOT}/Manifest.lock\" > /dev/null\nif [ $? != 0 ] ; then\n    # print error to STDERR\n    echo \"error: The sandbox is not in sync with the Podfile.lock. Run 'pod install' or update your CocoaPods installation.\" >&2\n    exit 1\nfi\n";
			showEnvVarsInLog = 0;
		};
		703E5EDBD40005E77AD44A86 /* [CP] Check Pods Manifest.lock */ = {
			isa = PBXShellScriptBuildPhase;
			buildActionMask = 2147483647;
			files = (
			);
			inputPaths = (
			);
			name = "[CP] Check Pods Manifest.lock";
			outputPaths = (
			);
			runOnlyForDeploymentPostprocessing = 0;
			shellPath = /bin/sh;
			shellScript = "diff \"${PODS_ROOT}/../Podfile.lock\" \"${PODS_ROOT}/Manifest.lock\" > /dev/null\nif [ $? != 0 ] ; then\n    # print error to STDERR\n    echo \"error: The sandbox is not in sync with the Podfile.lock. Run 'pod install' or update your CocoaPods installation.\" >&2\n    exit 1\nfi\n";
			showEnvVarsInLog = 0;
		};
		82BC99F23B57E1711A1138A5 /* [CP] Embed Pods Frameworks */ = {
			isa = PBXShellScriptBuildPhase;
			buildActionMask = 2147483647;
			files = (
			);
			inputPaths = (
			);
			name = "[CP] Embed Pods Frameworks";
			outputPaths = (
			);
			runOnlyForDeploymentPostprocessing = 0;
			shellPath = /bin/sh;
			shellScript = "\"${SRCROOT}/Pods/Target Support Files/Pods-InstagramDemo/Pods-InstagramDemo-frameworks.sh\"\n";
			showEnvVarsInLog = 0;
		};
		B587DCA4B0D847647FABCA9A /* [CP] Copy Pods Resources */ = {
			isa = PBXShellScriptBuildPhase;
			buildActionMask = 2147483647;
			files = (
			);
			inputPaths = (
			);
			name = "[CP] Copy Pods Resources";
			outputPaths = (
			);
			runOnlyForDeploymentPostprocessing = 0;
			shellPath = /bin/sh;
			shellScript = "\"${SRCROOT}/Pods/Target Support Files/Pods-InstagramDemo/Pods-InstagramDemo-resources.sh\"\n";
			showEnvVarsInLog = 0;
		};
		B7ACF03E56E466139584D102 /* [CP] Embed Pods Frameworks */ = {
			isa = PBXShellScriptBuildPhase;
			buildActionMask = 2147483647;
			files = (
			);
			inputPaths = (
			);
			name = "[CP] Embed Pods Frameworks";
			outputPaths = (
			);
			runOnlyForDeploymentPostprocessing = 0;
			shellPath = /bin/sh;
			shellScript = "\"${SRCROOT}/Pods/Target Support Files/Pods-InstagramDemoTests/Pods-InstagramDemoTests-frameworks.sh\"\n";
			showEnvVarsInLog = 0;
		};
		C6BBEEF3618EBB91A32FF47A /* [CP] Copy Pods Resources */ = {
			isa = PBXShellScriptBuildPhase;
			buildActionMask = 2147483647;
			files = (
			);
			inputPaths = (
			);
			name = "[CP] Copy Pods Resources";
			outputPaths = (
			);
			runOnlyForDeploymentPostprocessing = 0;
			shellPath = /bin/sh;
			shellScript = "\"${SRCROOT}/Pods/Target Support Files/Pods-InstagramDemoUITests/Pods-InstagramDemoUITests-resources.sh\"\n";
			showEnvVarsInLog = 0;
		};
		CD12CAA67215F99659A48ED9 /* [CP] Embed Pods Frameworks */ = {
			isa = PBXShellScriptBuildPhase;
			buildActionMask = 2147483647;
			files = (
			);
			inputPaths = (
			);
			name = "[CP] Embed Pods Frameworks";
			outputPaths = (
			);
			runOnlyForDeploymentPostprocessing = 0;
			shellPath = /bin/sh;
			shellScript = "\"${SRCROOT}/Pods/Target Support Files/Pods-InstagramDemoUITests/Pods-InstagramDemoUITests-frameworks.sh\"\n";
			showEnvVarsInLog = 0;
		};
		D6EF231E81EB689D306F548C /* [CP] Check Pods Manifest.lock */ = {
			isa = PBXShellScriptBuildPhase;
			buildActionMask = 2147483647;
			files = (
			);
			inputPaths = (
			);
			name = "[CP] Check Pods Manifest.lock";
			outputPaths = (
			);
			runOnlyForDeploymentPostprocessing = 0;
			shellPath = /bin/sh;
			shellScript = "diff \"${PODS_ROOT}/../Podfile.lock\" \"${PODS_ROOT}/Manifest.lock\" > /dev/null\nif [ $? != 0 ] ; then\n    # print error to STDERR\n    echo \"error: The sandbox is not in sync with the Podfile.lock. Run 'pod install' or update your CocoaPods installation.\" >&2\n    exit 1\nfi\n";
			showEnvVarsInLog = 0;
		};
/* End PBXShellScriptBuildPhase section */

/* Begin PBXSourcesBuildPhase section */
		83F264A51E7F7C0F00A827B3 /* Sources */ = {
			isa = PBXSourcesBuildPhase;
			buildActionMask = 2147483647;
			files = (
				838162521E80A4F400173086 /* PhotoCell.swift in Sources */,
				833B8F641E80921C0080EDB3 /* User.swift in Sources */,
				83B1EB681E7F7F5300313AA8 /* LoginViewController.swift in Sources */,
				833B8F611E808D9B0080EDB3 /* GalleryViewController.swift in Sources */,
				833B8F691E8093DF0080EDB3 /* ComposeViewController.swift in Sources */,
				83F264AD1E7F7C0F00A827B3 /* AppDelegate.swift in Sources */,
				833B8F671E8093CD0080EDB3 /* Post.swift in Sources */,
			);
			runOnlyForDeploymentPostprocessing = 0;
		};
		83F264B91E7F7C0F00A827B3 /* Sources */ = {
			isa = PBXSourcesBuildPhase;
			buildActionMask = 2147483647;
			files = (
				83F264C21E7F7C0F00A827B3 /* InstagramDemoTests.swift in Sources */,
			);
			runOnlyForDeploymentPostprocessing = 0;
		};
		83F264C41E7F7C0F00A827B3 /* Sources */ = {
			isa = PBXSourcesBuildPhase;
			buildActionMask = 2147483647;
			files = (
				83F264CD1E7F7C0F00A827B3 /* InstagramDemoUITests.swift in Sources */,
			);
			runOnlyForDeploymentPostprocessing = 0;
		};
/* End PBXSourcesBuildPhase section */

/* Begin PBXTargetDependency section */
		83F264BF1E7F7C0F00A827B3 /* PBXTargetDependency */ = {
			isa = PBXTargetDependency;
			target = 83F264A81E7F7C0F00A827B3 /* InstagramDemo */;
			targetProxy = 83F264BE1E7F7C0F00A827B3 /* PBXContainerItemProxy */;
		};
		83F264CA1E7F7C0F00A827B3 /* PBXTargetDependency */ = {
			isa = PBXTargetDependency;
			target = 83F264A81E7F7C0F00A827B3 /* InstagramDemo */;
			targetProxy = 83F264C91E7F7C0F00A827B3 /* PBXContainerItemProxy */;
		};
/* End PBXTargetDependency section */

/* Begin PBXVariantGroup section */
		83F264B01E7F7C0F00A827B3 /* Main.storyboard */ = {
			isa = PBXVariantGroup;
			children = (
				83F264B11E7F7C0F00A827B3 /* Base */,
			);
			name = Main.storyboard;
			sourceTree = "<group>";
		};
		83F264B51E7F7C0F00A827B3 /* LaunchScreen.storyboard */ = {
			isa = PBXVariantGroup;
			children = (
				83F264B61E7F7C0F00A827B3 /* Base */,
			);
			name = LaunchScreen.storyboard;
			sourceTree = "<group>";
		};
/* End PBXVariantGroup section */

/* Begin XCBuildConfiguration section */
		83F264CF1E7F7C0F00A827B3 /* Debug */ = {
			isa = XCBuildConfiguration;
			buildSettings = {
				ALWAYS_SEARCH_USER_PATHS = NO;
				CLANG_ANALYZER_NONNULL = YES;
				CLANG_CXX_LANGUAGE_STANDARD = "gnu++0x";
				CLANG_CXX_LIBRARY = "libc++";
				CLANG_ENABLE_MODULES = YES;
				CLANG_ENABLE_OBJC_ARC = YES;
				CLANG_WARN_BOOL_CONVERSION = YES;
				CLANG_WARN_CONSTANT_CONVERSION = YES;
				CLANG_WARN_DIRECT_OBJC_ISA_USAGE = YES_ERROR;
				CLANG_WARN_DOCUMENTATION_COMMENTS = YES;
				CLANG_WARN_EMPTY_BODY = YES;
				CLANG_WARN_ENUM_CONVERSION = YES;
				CLANG_WARN_INFINITE_RECURSION = YES;
				CLANG_WARN_INT_CONVERSION = YES;
				CLANG_WARN_OBJC_ROOT_CLASS = YES_ERROR;
				CLANG_WARN_SUSPICIOUS_MOVES = YES;
				CLANG_WARN_UNREACHABLE_CODE = YES;
				CLANG_WARN__DUPLICATE_METHOD_MATCH = YES;
				"CODE_SIGN_IDENTITY[sdk=iphoneos*]" = "iPhone Developer";
				COPY_PHASE_STRIP = NO;
				DEBUG_INFORMATION_FORMAT = dwarf;
				ENABLE_STRICT_OBJC_MSGSEND = YES;
				ENABLE_TESTABILITY = YES;
				GCC_C_LANGUAGE_STANDARD = gnu99;
				GCC_DYNAMIC_NO_PIC = NO;
				GCC_NO_COMMON_BLOCKS = YES;
				GCC_OPTIMIZATION_LEVEL = 0;
				GCC_PREPROCESSOR_DEFINITIONS = (
					"DEBUG=1",
					"$(inherited)",
				);
				GCC_WARN_64_TO_32_BIT_CONVERSION = YES;
				GCC_WARN_ABOUT_RETURN_TYPE = YES_ERROR;
				GCC_WARN_UNDECLARED_SELECTOR = YES;
				GCC_WARN_UNINITIALIZED_AUTOS = YES_AGGRESSIVE;
				GCC_WARN_UNUSED_FUNCTION = YES;
				GCC_WARN_UNUSED_VARIABLE = YES;
				IPHONEOS_DEPLOYMENT_TARGET = 10.0;
				MTL_ENABLE_DEBUG_INFO = YES;
				ONLY_ACTIVE_ARCH = YES;
				SDKROOT = iphoneos;
				SWIFT_ACTIVE_COMPILATION_CONDITIONS = DEBUG;
				SWIFT_OPTIMIZATION_LEVEL = "-Onone";
			};
			name = Debug;
		};
		83F264D01E7F7C0F00A827B3 /* Release */ = {
			isa = XCBuildConfiguration;
			buildSettings = {
				ALWAYS_SEARCH_USER_PATHS = NO;
				CLANG_ANALYZER_NONNULL = YES;
				CLANG_CXX_LANGUAGE_STANDARD = "gnu++0x";
				CLANG_CXX_LIBRARY = "libc++";
				CLANG_ENABLE_MODULES = YES;
				CLANG_ENABLE_OBJC_ARC = YES;
				CLANG_WARN_BOOL_CONVERSION = YES;
				CLANG_WARN_CONSTANT_CONVERSION = YES;
				CLANG_WARN_DIRECT_OBJC_ISA_USAGE = YES_ERROR;
				CLANG_WARN_DOCUMENTATION_COMMENTS = YES;
				CLANG_WARN_EMPTY_BODY = YES;
				CLANG_WARN_ENUM_CONVERSION = YES;
				CLANG_WARN_INFINITE_RECURSION = YES;
				CLANG_WARN_INT_CONVERSION = YES;
				CLANG_WARN_OBJC_ROOT_CLASS = YES_ERROR;
				CLANG_WARN_SUSPICIOUS_MOVES = YES;
				CLANG_WARN_UNREACHABLE_CODE = YES;
				CLANG_WARN__DUPLICATE_METHOD_MATCH = YES;
				"CODE_SIGN_IDENTITY[sdk=iphoneos*]" = "iPhone Developer";
				COPY_PHASE_STRIP = NO;
				DEBUG_INFORMATION_FORMAT = "dwarf-with-dsym";
				ENABLE_NS_ASSERTIONS = NO;
				ENABLE_STRICT_OBJC_MSGSEND = YES;
				GCC_C_LANGUAGE_STANDARD = gnu99;
				GCC_NO_COMMON_BLOCKS = YES;
				GCC_WARN_64_TO_32_BIT_CONVERSION = YES;
				GCC_WARN_ABOUT_RETURN_TYPE = YES_ERROR;
				GCC_WARN_UNDECLARED_SELECTOR = YES;
				GCC_WARN_UNINITIALIZED_AUTOS = YES_AGGRESSIVE;
				GCC_WARN_UNUSED_FUNCTION = YES;
				GCC_WARN_UNUSED_VARIABLE = YES;
				IPHONEOS_DEPLOYMENT_TARGET = 10.0;
				MTL_ENABLE_DEBUG_INFO = NO;
				SDKROOT = iphoneos;
				SWIFT_OPTIMIZATION_LEVEL = "-Owholemodule";
				VALIDATE_PRODUCT = YES;
			};
			name = Release;
		};
		83F264D21E7F7C0F00A827B3 /* Debug */ = {
			isa = XCBuildConfiguration;
			baseConfigurationReference = 271DB3853795248929D37109 /* Pods-InstagramDemo.debug.xcconfig */;
			buildSettings = {
				ASSETCATALOG_COMPILER_APPICON_NAME = AppIcon;
				INFOPLIST_FILE = InstagramDemo/Info.plist;
				LD_RUNPATH_SEARCH_PATHS = "$(inherited) @executable_path/Frameworks";
				PRODUCT_BUNDLE_IDENTIFIER = "Heng-Li.InstagramDemo";
				PRODUCT_NAME = "$(TARGET_NAME)";
				SWIFT_VERSION = 3.0;
			};
			name = Debug;
		};
		83F264D31E7F7C0F00A827B3 /* Release */ = {
			isa = XCBuildConfiguration;
			baseConfigurationReference = 7B9AD05E2D60A27C49BD99CF /* Pods-InstagramDemo.release.xcconfig */;
			buildSettings = {
				ASSETCATALOG_COMPILER_APPICON_NAME = AppIcon;
				INFOPLIST_FILE = InstagramDemo/Info.plist;
				LD_RUNPATH_SEARCH_PATHS = "$(inherited) @executable_path/Frameworks";
				PRODUCT_BUNDLE_IDENTIFIER = "Heng-Li.InstagramDemo";
				PRODUCT_NAME = "$(TARGET_NAME)";
				SWIFT_VERSION = 3.0;
			};
			name = Release;
		};
		83F264D51E7F7C0F00A827B3 /* Debug */ = {
			isa = XCBuildConfiguration;
			baseConfigurationReference = D709ABFF45E6EF521EF9404E /* Pods-InstagramDemoTests.debug.xcconfig */;
			buildSettings = {
				ALWAYS_EMBED_SWIFT_STANDARD_LIBRARIES = YES;
				BUNDLE_LOADER = "$(TEST_HOST)";
				INFOPLIST_FILE = InstagramDemoTests/Info.plist;
				LD_RUNPATH_SEARCH_PATHS = "$(inherited) @executable_path/Frameworks @loader_path/Frameworks";
				PRODUCT_BUNDLE_IDENTIFIER = "Heng-Li.InstagramDemoTests";
				PRODUCT_NAME = "$(TARGET_NAME)";
				SWIFT_VERSION = 3.0;
				TEST_HOST = "$(BUILT_PRODUCTS_DIR)/InstagramDemo.app/InstagramDemo";
			};
			name = Debug;
		};
		83F264D61E7F7C0F00A827B3 /* Release */ = {
			isa = XCBuildConfiguration;
			baseConfigurationReference = BCCE11006359D2D80870D6D4 /* Pods-InstagramDemoTests.release.xcconfig */;
			buildSettings = {
				ALWAYS_EMBED_SWIFT_STANDARD_LIBRARIES = YES;
				BUNDLE_LOADER = "$(TEST_HOST)";
				INFOPLIST_FILE = InstagramDemoTests/Info.plist;
				LD_RUNPATH_SEARCH_PATHS = "$(inherited) @executable_path/Frameworks @loader_path/Frameworks";
				PRODUCT_BUNDLE_IDENTIFIER = "Heng-Li.InstagramDemoTests";
				PRODUCT_NAME = "$(TARGET_NAME)";
				SWIFT_VERSION = 3.0;
				TEST_HOST = "$(BUILT_PRODUCTS_DIR)/InstagramDemo.app/InstagramDemo";
			};
			name = Release;
		};
		83F264D81E7F7C0F00A827B3 /* Debug */ = {
			isa = XCBuildConfiguration;
			baseConfigurationReference = 61725616803664F99F9F34CC /* Pods-InstagramDemoUITests.debug.xcconfig */;
			buildSettings = {
				ALWAYS_EMBED_SWIFT_STANDARD_LIBRARIES = YES;
				INFOPLIST_FILE = InstagramDemoUITests/Info.plist;
				LD_RUNPATH_SEARCH_PATHS = "$(inherited) @executable_path/Frameworks @loader_path/Frameworks";
				PRODUCT_BUNDLE_IDENTIFIER = "Heng-Li.InstagramDemoUITests";
				PRODUCT_NAME = "$(TARGET_NAME)";
				SWIFT_VERSION = 3.0;
				TEST_TARGET_NAME = InstagramDemo;
			};
			name = Debug;
		};
		83F264D91E7F7C0F00A827B3 /* Release */ = {
			isa = XCBuildConfiguration;
			baseConfigurationReference = 604969978843438B8D0BFDB1 /* Pods-InstagramDemoUITests.release.xcconfig */;
			buildSettings = {
				ALWAYS_EMBED_SWIFT_STANDARD_LIBRARIES = YES;
				INFOPLIST_FILE = InstagramDemoUITests/Info.plist;
				LD_RUNPATH_SEARCH_PATHS = "$(inherited) @executable_path/Frameworks @loader_path/Frameworks";
				PRODUCT_BUNDLE_IDENTIFIER = "Heng-Li.InstagramDemoUITests";
				PRODUCT_NAME = "$(TARGET_NAME)";
				SWIFT_VERSION = 3.0;
				TEST_TARGET_NAME = InstagramDemo;
			};
			name = Release;
		};
/* End XCBuildConfiguration section */

/* Begin XCConfigurationList section */
		83F264A41E7F7C0F00A827B3 /* Build configuration list for PBXProject "InstagramDemo" */ = {
			isa = XCConfigurationList;
			buildConfigurations = (
				83F264CF1E7F7C0F00A827B3 /* Debug */,
				83F264D01E7F7C0F00A827B3 /* Release */,
			);
			defaultConfigurationIsVisible = 0;
			defaultConfigurationName = Release;
		};
		83F264D11E7F7C0F00A827B3 /* Build configuration list for PBXNativeTarget "InstagramDemo" */ = {
			isa = XCConfigurationList;
			buildConfigurations = (
				83F264D21E7F7C0F00A827B3 /* Debug */,
				83F264D31E7F7C0F00A827B3 /* Release */,
			);
			defaultConfigurationIsVisible = 0;
			defaultConfigurationName = Release;
		};
		83F264D41E7F7C0F00A827B3 /* Build configuration list for PBXNativeTarget "InstagramDemoTests" */ = {
			isa = XCConfigurationList;
			buildConfigurations = (
				83F264D51E7F7C0F00A827B3 /* Debug */,
				83F264D61E7F7C0F00A827B3 /* Release */,
			);
			defaultConfigurationIsVisible = 0;
			defaultConfigurationName = Release;
		};
		83F264D71E7F7C0F00A827B3 /* Build configuration list for PBXNativeTarget "InstagramDemoUITests" */ = {
			isa = XCConfigurationList;
			buildConfigurations = (
				83F264D81E7F7C0F00A827B3 /* Debug */,
				83F264D91E7F7C0F00A827B3 /* Release */,
			);
			defaultConfigurationIsVisible = 0;
			defaultConfigurationName = Release;
		};
/* End XCConfigurationList section */
	};
	rootObject = 83F264A11E7F7C0F00A827B3 /* Project object */;
}
